
Microsoft Visual Studio Solution File, Format Version 12.00
# Visual Studio 15
VisualStudioVersion = 15.0.28307.1062
MinimumVisualStudioVersion = 10.0.40219.1
Project("{8BC9CEB8-8B4A-11D0-8D11-00A0C91BC942}") = "MFCApplication2", "..\MFCApplication2\MFCApplication2.vcxproj", "{234D3608-02BB-4F74-A92C-DD19C445790C}"
EndProject
Global
	GlobalSection(SolutionConfigurationPlatforms) = preSolution
		Debug|x64 = Debug|x64
		Debug|x86 = Debug|x86
		Release|x64 = Release|x64
		Release|x86 = Release|x86
	EndGlobalSection
	GlobalSection(ProjectConfigurationPlatforms) = postSolution
		{234D3608-02BB-4F74-A92C-DD19C445790C}.Debug|x64.ActiveCfg = Debug|x64
		{234D3608-02BB-4F74-A92C-DD19C445790C}.Debug|x64.Build.0 = Debug|x64
		{234D3608-02BB-4F74-A92C-DD19C445790C}.Debug|x86.ActiveCfg = Debug|Win32
		{234D3608-02BB-4F74-A92C-DD19C445790C}.Debug|x86.Build.0 = Debug|Win32
		{234D3608-02BB-4F74-A92C-DD19C445790C}.Release|x64.ActiveCfg = Release|x64
		{234D3608-02BB-4F74-A92C-DD19C445790C}.Release|x64.Build.0 = Release|x64
		{234D3608-02BB-4F74-A92C-DD19C445790C}.Release|x86.ActiveCfg = Release|Win32
		{234D3608-02BB-4F74-A92C-DD19C445790C}.Release|x86.Build.0 = Release|Win32
	EndGlobalSection
	GlobalSection(SolutionProperties) = preSolution
		HideSolutionNode = FALSE
	EndGlobalSection
	GlobalSection(ExtensibilityGlobals) = postSolution
		SolutionGuid = {0032F784-8344-4198-95C2-C4331DD69FF1}
	EndGlobalSection
EndGlobal
