
Microsoft Visual Studio Solution File, Format Version 12.00
# Visual Studio 15
VisualStudioVersion = 15.0.28307.1062
MinimumVisualStudioVersion = 10.0.40219.1
Project("{8BC9CEB8-8B4A-11D0-8D11-00A0C91BC942}") = "MFCApplication1", "MFCApplication1\MFCApplication1.vcxproj", "{CFE08096-7D1E-4918-B26F-57AF401E4B1F}"
EndProject
Global
	GlobalSection(SolutionConfigurationPlatforms) = preSolution
		Debug|x64 = Debug|x64
		Debug|x86 = Debug|x86
		Release|x64 = Release|x64
		Release|x86 = Release|x86
	EndGlobalSection
	GlobalSection(ProjectConfigurationPlatforms) = postSolution
		{CFE08096-7D1E-4918-B26F-57AF401E4B1F}.Debug|x64.ActiveCfg = Debug|x64
		{CFE08096-7D1E-4918-B26F-57AF401E4B1F}.Debug|x64.Build.0 = Debug|x64
		{CFE08096-7D1E-4918-B26F-57AF401E4B1F}.Debug|x86.ActiveCfg = Debug|Win32
		{CFE08096-7D1E-4918-B26F-57AF401E4B1F}.Debug|x86.Build.0 = Debug|Win32
		{CFE08096-7D1E-4918-B26F-57AF401E4B1F}.Release|x64.ActiveCfg = Release|x64
		{CFE08096-7D1E-4918-B26F-57AF401E4B1F}.Release|x64.Build.0 = Release|x64
		{CFE08096-7D1E-4918-B26F-57AF401E4B1F}.Release|x86.ActiveCfg = Release|Win32
		{CFE08096-7D1E-4918-B26F-57AF401E4B1F}.Release|x86.Build.0 = Release|Win32
	EndGlobalSection
	GlobalSection(SolutionProperties) = preSolution
		HideSolutionNode = FALSE
	EndGlobalSection
	GlobalSection(ExtensibilityGlobals) = postSolution
		SolutionGuid = {0032F784-8344-4198-95C2-C4331DD69FF1}
	EndGlobalSection
EndGlobal
